
Microsoft Visual Studio Solution File, Format Version 12.00
# Visual Studio Express 2012 for Web
Project("{FAE04EC0-301F-11D3-BF4B-00C04F79EFBC}") = "Variance", "App\Variance.csproj", "{DB00A9E5-F155-4A03-B136-E915A193C3F9}"
EndProject
Project("{FAE04EC0-301F-11D3-BF4B-00C04F79EFBC}") = "Commands", "CommandLine\Commands.csproj", "{39D6344B-44BA-4F4C-A83B-5A442304A29E}"
EndProject
Global
	GlobalSection(SolutionConfigurationPlatforms) = preSolution
		Debug|Any CPU = Debug|Any CPU
		Release|Any CPU = Release|Any CPU
	EndGlobalSection
	GlobalSection(ProjectConfigurationPlatforms) = postSolution
		{DB00A9E5-F155-4A03-B136-E915A193C3F9}.Debug|Any CPU.ActiveCfg = Debug|Any CPU
		{DB00A9E5-F155-4A03-B136-E915A193C3F9}.Debug|Any CPU.Build.0 = Debug|Any CPU
		{DB00A9E5-F155-4A03-B136-E915A193C3F9}.Release|Any CPU.ActiveCfg = Release|Any CPU
		{DB00A9E5-F155-4A03-B136-E915A193C3F9}.Release|Any CPU.Build.0 = Release|Any CPU
		{39D6344B-44BA-4F4C-A83B-5A442304A29E}.Debug|Any CPU.ActiveCfg = Debug|Any CPU
		{39D6344B-44BA-4F4C-A83B-5A442304A29E}.Debug|Any CPU.Build.0 = Debug|Any CPU
		{39D6344B-44BA-4F4C-A83B-5A442304A29E}.Release|Any CPU.ActiveCfg = Release|Any CPU
		{39D6344B-44BA-4F4C-A83B-5A442304A29E}.Release|Any CPU.Build.0 = Release|Any CPU
	EndGlobalSection
	GlobalSection(SolutionProperties) = preSolution
		HideSolutionNode = FALSE
	EndGlobalSection
EndGlobal
